// !$*UTF8*$!
{
   archiveVersion = "1";
   objectVersion = "46";
   objects = {
      "OBJ_1" = {
         isa = "PBXProject";
         attributes = {
            LastSwiftMigration = "9999";
            LastUpgradeCheck = "9999";
         };
         buildConfigurationList = "OBJ_2";
         compatibilityVersion = "Xcode 3.2";
         developmentRegion = "en";
         hasScannedForEncodings = "0";
         knownRegions = (
            "en"
         );
         mainGroup = "OBJ_5";
         productRefGroup = "OBJ_44";
         projectDirPath = ".";
         targets = (
            "mac-client::CodexSwitch::ProductTarget",
            "mac-client::CodexSwitchApp",
            "mac-client::CodexSwitchKit",
            "mac-client::SwiftPMPackageDescription",
            "mac-client::CodexSwitchPackageTests::ProductTarget",
            "mac-client::CodexSwitchTests"
         );
      };
      "OBJ_10" = {
         isa = "PBXFileReference";
         path = "AppDelegate.swift";
         sourceTree = "<group>";
      };
      "OBJ_100" = {
         isa = "XCBuildConfiguration";
         buildSettings = {
         };
         name = "Release";
      };
      "OBJ_101" = {
         isa = "PBXTargetDependency";
         target = "mac-client::CodexSwitchTests";
      };
      "OBJ_103" = {
         isa = "XCConfigurationList";
         buildConfigurations = (
            "OBJ_104",
            "OBJ_105"
         );
         defaultConfigurationIsVisible = "0";
         defaultConfigurationName = "Release";
      };
      "OBJ_104" = {
         isa = "XCBuildConfiguration";
         buildSettings = {
            CLANG_ENABLE_MODULES = "YES";
            CURRENT_PROJECT_VERSION = "1";
            DRIVERKIT_DEPLOYMENT_TARGET = "19.0";
            EMBEDDED_CONTENT_CONTAINS_SWIFT = "YES";
            FRAMEWORK_SEARCH_PATHS = (
               "$(inherited)",
               "$(PLATFORM_DIR)/Developer/Library/Frameworks"
            );
            HEADER_SEARCH_PATHS = (
               "$(inherited)"
            );
            INFOPLIST_FILE = "CodexSwitch.xcodeproj/CodexSwitchTests_Info.plist";
            IPHONEOS_DEPLOYMENT_TARGET = "14.0";
            LD_RUNPATH_SEARCH_PATHS = (
               "$(inherited)",
               "@loader_path/../Frameworks",
               "@loader_path/Frameworks"
            );
            MACOSX_DEPLOYMENT_TARGET = "12.0";
            OTHER_CFLAGS = (
               "$(inherited)"
            );
            OTHER_LDFLAGS = (
               "$(inherited)"
            );
            OTHER_SWIFT_FLAGS = (
               "$(inherited)"
            );
            SWIFT_ACTIVE_COMPILATION_CONDITIONS = (
               "$(inherited)"
            );
            SWIFT_VERSION = "5.0";
            TARGET_NAME = "CodexSwitchTests";
            TVOS_DEPLOYMENT_TARGET = "14.0";
            WATCHOS_DEPLOYMENT_TARGET = "7.0";
         };
         name = "Debug";
      };
      "OBJ_105" = {
         isa = "XCBuildConfiguration";
         buildSettings = {
            CLANG_ENABLE_MODULES = "YES";
            CURRENT_PROJECT_VERSION = "1";
            DRIVERKIT_DEPLOYMENT_TARGET = "19.0";
            EMBEDDED_CONTENT_CONTAINS_SWIFT = "YES";
            FRAMEWORK_SEARCH_PATHS = (
               "$(inherited)",
               "$(PLATFORM_DIR)/Developer/Library/Frameworks"
            );
            HEADER_SEARCH_PATHS = (
               "$(inherited)"
            );
            INFOPLIST_FILE = "CodexSwitch.xcodeproj/CodexSwitchTests_Info.plist";
            IPHONEOS_DEPLOYMENT_TARGET = "14.0";
            LD_RUNPATH_SEARCH_PATHS = (
               "$(inherited)",
               "@loader_path/../Frameworks",
               "@loader_path/Frameworks"
            );
            MACOSX_DEPLOYMENT_TARGET = "12.0";
            OTHER_CFLAGS = (
               "$(inherited)"
            );
            OTHER_LDFLAGS = (
               "$(inherited)"
            );
            OTHER_SWIFT_FLAGS = (
               "$(inherited)"
            );
            SWIFT_ACTIVE_COMPILATION_CONDITIONS = (
               "$(inherited)"
            );
            SWIFT_VERSION = "5.0";
            TARGET_NAME = "CodexSwitchTests";
            TVOS_DEPLOYMENT_TARGET = "14.0";
            WATCHOS_DEPLOYMENT_TARGET = "7.0";
         };
         name = "Release";
      };
      "OBJ_106" = {
         isa = "PBXSourcesBuildPhase";
         files = (
            "OBJ_107",
            "OBJ_108",
            "OBJ_109",
            "OBJ_110"
         );
      };
      "OBJ_107" = {
         isa = "PBXBuildFile";
         fileRef = "OBJ_38";
      };
      "OBJ_108" = {
         isa = "PBXBuildFile";
         fileRef = "OBJ_39";
      };
      "OBJ_109" = {
         isa = "PBXBuildFile";
         fileRef = "OBJ_41";
      };
      "OBJ_11" = {
         isa = "PBXFileReference";
         path = "CodexSwitchApp.swift";
         sourceTree = "<group>";
      };
      "OBJ_110" = {
         isa = "PBXBuildFile";
         fileRef = "OBJ_43";
      };
      "OBJ_111" = {
         isa = "PBXFrameworksBuildPhase";
         files = (
            "OBJ_112"
         );
      };
      "OBJ_112" = {
         isa = "PBXBuildFile";
         fileRef = "mac-client::CodexSwitchKit::Product";
      };
      "OBJ_113" = {
         isa = "PBXTargetDependency";
         target = "mac-client::CodexSwitchKit";
      };
      "OBJ_12" = {
         isa = "PBXGroup";
         children = (
            "OBJ_13",
            "OBJ_18",
            "OBJ_22",
            "OBJ_31"
         );
         name = "CodexSwitchKit";
         path = "CodexSwitch";
         sourceTree = "SOURCE_ROOT";
      };
      "OBJ_13" = {
         isa = "PBXGroup";
         children = (
            "OBJ_14",
            "OBJ_15",
            "OBJ_16",
            "OBJ_17"
         );
         name = "Accounts";
         path = "Accounts";
         sourceTree = "<group>";
      };
      "OBJ_14" = {
         isa = "PBXFileReference";
         path = "Account.swift";
         sourceTree = "<group>";
      };
      "OBJ_15" = {
         isa = "PBXFileReference";
         path = "AccountRepository.swift";
         sourceTree = "<group>";
      };
      "OBJ_16" = {
         isa = "PBXFileReference";
         path = "ApplicationSupportAccountStore.swift";
         sourceTree = "<group>";
      };
      "OBJ_17" = {
         isa = "PBXFileReference";
         path = "KeychainCredentialStore.swift";
         sourceTree = "<group>";
      };
      "OBJ_18" = {
         isa = "PBXGroup";
         children = (
            "OBJ_19",
            "OBJ_20",
            "OBJ_21"
         );
         name = "App";
         path = "App";
         sourceTree = "<group>";
      };
      "OBJ_19" = {
         isa = "PBXFileReference";
         path = "AppEnvironment.swift";
         sourceTree = "<group>";
      };
      "OBJ_2" = {
         isa = "XCConfigurationList";
         buildConfigurations = (
            "OBJ_3",
            "OBJ_4"
         );
         defaultConfigurationIsVisible = "0";
         defaultConfigurationName = "Release";
      };
      "OBJ_20" = {
         isa = "PBXFileReference";
         path = "BootstrapPanelView.swift";
         sourceTree = "<group>";
      };
      "OBJ_21" = {
         isa = "PBXFileReference";
         path = "MenuBarHosting.swift";
         sourceTree = "<group>";
      };
      "OBJ_22" = {
         isa = "PBXGroup";
         children = (
            "OBJ_23",
            "OBJ_24",
            "OBJ_25",
            "OBJ_26",
            "OBJ_27",
            "OBJ_28",
            "OBJ_29",
            "OBJ_30"
         );
         name = "MenuBar";
         path = "MenuBar";
         sourceTree = "<group>";
      };
      "OBJ_23" = {
         isa = "PBXFileReference";
         path = "AccountRowView.swift";
         sourceTree = "<group>";
      };
      "OBJ_24" = {
         isa = "PBXFileReference";
         path = "MenuBarModels.swift";
         sourceTree = "<group>";
      };
      "OBJ_25" = {
         isa = "PBXFileReference";
         path = "MenuBarPanelView.swift";
         sourceTree = "<group>";
      };
      "OBJ_26" = {
         isa = "PBXFileReference";
         path = "MenuBarService.swift";
         sourceTree = "<group>";
      };
      "OBJ_27" = {
         isa = "PBXFileReference";
         path = "MenuBarShellView.swift";
         sourceTree = "<group>";
      };
      "OBJ_28" = {
         isa = "PBXFileReference";
         path = "MenuBarViewModel.swift";
         sourceTree = "<group>";
      };
      "OBJ_29" = {
         isa = "PBXFileReference";
         path = "StatusItemController.swift";
         sourceTree = "<group>";
      };
      "OBJ_3" = {
         isa = "XCBuildConfiguration";
         buildSettings = {
            CLANG_ENABLE_OBJC_ARC = "YES";
            COMBINE_HIDPI_IMAGES = "YES";
            COPY_PHASE_STRIP = "NO";
            DEBUG_INFORMATION_FORMAT = "dwarf";
            DYLIB_INSTALL_NAME_BASE = "@rpath";
            ENABLE_NS_ASSERTIONS = "YES";
            GCC_OPTIMIZATION_LEVEL = "0";
            GCC_PREPROCESSOR_DEFINITIONS = (
               "$(inherited)",
               "SWIFT_PACKAGE=1",
               "DEBUG=1"
            );
            MACOSX_DEPLOYMENT_TARGET = "12.0";
            ONLY_ACTIVE_ARCH = "YES";
            OTHER_SWIFT_FLAGS = (
               "$(inherited)",
               "-DXcode"
            );
            PRODUCT_NAME = "$(TARGET_NAME)";
            SDKROOT = "macosx";
            SUPPORTED_PLATFORMS = (
               "$(AVAILABLE_PLATFORMS)"
            );
            SUPPORTS_MACCATALYST = "YES";
            SWIFT_ACTIVE_COMPILATION_CONDITIONS = (
               "$(inherited)",
               "SWIFT_PACKAGE",
               "DEBUG"
            );
            SWIFT_OPTIMIZATION_LEVEL = "-Onone";
            USE_HEADERMAP = "NO";
         };
         name = "Debug";
      };
      "OBJ_30" = {
         isa = "PBXFileReference";
         path = "UsageSummaryCard.swift";
         sourceTree = "<group>";
      };
      "OBJ_31" = {
         isa = "PBXGroup";
         children = (
            "OBJ_32",
            "OBJ_33",
            "OBJ_34"
         );
         name = "Switching";
         path = "Switching";
         sourceTree = "<group>";
      };
      "OBJ_32" = {
         isa = "PBXFileReference";
         path = "ActiveAccountController.swift";
         sourceTree = "<group>";
      };
      "OBJ_33" = {
         isa = "PBXFileReference";
         path = "SwitchCommandRunner.swift";
         sourceTree = "<group>";
      };
      "OBJ_34" = {
         isa = "PBXFileReference";
         path = "UsageRefreshService.swift";
         sourceTree = "<group>";
      };
      "OBJ_35" = {
         isa = "PBXGroup";
         children = (
            "OBJ_36"
         );
         name = "Tests";
         path = "";
         sourceTree = "SOURCE_ROOT";
      };
      "OBJ_36" = {
         isa = "PBXGroup";
         children = (
            "OBJ_37",
            "OBJ_39",
            "OBJ_40",
            "OBJ_42"
         );
         name = "CodexSwitchTests";
         path = "CodexSwitchTests";
         sourceTree = "SOURCE_ROOT";
      };
      "OBJ_37" = {
         isa = "PBXGroup";
         children = (
            "OBJ_38"
         );
         name = "Accounts";
         path = "Accounts";
         sourceTree = "<group>";
      };
      "OBJ_38" = {
         isa = "PBXFileReference";
         path = "AccountRepositoryTests.swift";
         sourceTree = "<group>";
      };
      "OBJ_39" = {
         isa = "PBXFileReference";
         path = "CodexSwitchTests.swift";
         sourceTree = "<group>";
      };
      "OBJ_4" = {
         isa = "XCBuildConfiguration";
         buildSettings = {
            CLANG_ENABLE_OBJC_ARC = "YES";
            COMBINE_HIDPI_IMAGES = "YES";
            COPY_PHASE_STRIP = "YES";
            DEBUG_INFORMATION_FORMAT = "dwarf-with-dsym";
            DYLIB_INSTALL_NAME_BASE = "@rpath";
            GCC_OPTIMIZATION_LEVEL = "s";
            GCC_PREPROCESSOR_DEFINITIONS = (
               "$(inherited)",
               "SWIFT_PACKAGE=1"
            );
            MACOSX_DEPLOYMENT_TARGET = "12.0";
            OTHER_SWIFT_FLAGS = (
               "$(inherited)",
               "-DXcode"
            );
            PRODUCT_NAME = "$(TARGET_NAME)";
            SDKROOT = "macosx";
            SUPPORTED_PLATFORMS = (
               "$(AVAILABLE_PLATFORMS)"
            );
            SUPPORTS_MACCATALYST = "YES";
            SWIFT_ACTIVE_COMPILATION_CONDITIONS = (
               "$(inherited)",
               "SWIFT_PACKAGE"
            );
            SWIFT_OPTIMIZATION_LEVEL = "-Owholemodule";
            USE_HEADERMAP = "NO";
         };
         name = "Release";
      };
      "OBJ_40" = {
         isa = "PBXGroup";
         children = (
            "OBJ_41"
         );
         name = "MenuBar";
         path = "MenuBar";
         sourceTree = "<group>";
      };
      "OBJ_41" = {
         isa = "PBXFileReference";
         path = "MenuBarViewModelTests.swift";
         sourceTree = "<group>";
      };
      "OBJ_42" = {
         isa = "PBXGroup";
         children = (
            "OBJ_43"
         );
         name = "Switching";
         path = "Switching";
         sourceTree = "<group>";
      };
      "OBJ_43" = {
         isa = "PBXFileReference";
         path = "ActiveAccountControllerTests.swift";
         sourceTree = "<group>";
      };
      "OBJ_44" = {
         isa = "PBXGroup";
         children = (
            "mac-client::CodexSwitchApp::Product",
            "mac-client::CodexSwitchKit::Product",
            "mac-client::CodexSwitchTests::Product"
         );
         name = "Products";
         path = "";
         sourceTree = "BUILT_PRODUCTS_DIR";
      };
      "OBJ_48" = {
         isa = "PBXFileReference";
         path = "CodexSwitchApp";
         sourceTree = "SOURCE_ROOT";
      };
      "OBJ_49" = {
         isa = "PBXFileReference";
         path = "CodexSwitchTests";
         sourceTree = "SOURCE_ROOT";
      };
      "OBJ_5" = {
         isa = "PBXGroup";
         children = (
            "OBJ_6",
            "OBJ_7",
            "OBJ_35",
            "OBJ_44",
            "OBJ_48",
            "OBJ_49",
            "OBJ_50",
            "OBJ_51"
         );
         path = "";
         sourceTree = "<group>";
      };
      "OBJ_50" = {
         isa = "PBXFileReference";
         path = "CodexSwitch";
         sourceTree = "SOURCE_ROOT";
      };
      "OBJ_51" = {
         isa = "PBXFileReference";
         path = "README.md";
         sourceTree = "<group>";
      };
      "OBJ_53" = {
         isa = "XCConfigurationList";
         buildConfigurations = (
            "OBJ_54",
            "OBJ_55"
         );
         defaultConfigurationIsVisible = "0";
         defaultConfigurationName = "Release";
      };
      "OBJ_54" = {
         isa = "XCBuildConfiguration";
         buildSettings = {
         };
         name = "Debug";
      };
      "OBJ_55" = {
         isa = "XCBuildConfiguration";
         buildSettings = {
         };
         name = "Release";
      };
      "OBJ_56" = {
         isa = "PBXTargetDependency";
         target = "mac-client::CodexSwitchApp";
      };
      "OBJ_58" = {
         isa = "XCConfigurationList";
         buildConfigurations = (
            "OBJ_59",
            "OBJ_60"
         );
         defaultConfigurationIsVisible = "0";
         defaultConfigurationName = "Release";
      };
      "OBJ_59" = {
         isa = "XCBuildConfiguration";
         buildSettings = {
            CURRENT_PROJECT_VERSION = "1";
            DRIVERKIT_DEPLOYMENT_TARGET = "19.0";
            FRAMEWORK_SEARCH_PATHS = (
               "$(inherited)",
               "$(PLATFORM_DIR)/Developer/Library/Frameworks"
            );
            HEADER_SEARCH_PATHS = (
               "$(inherited)"
            );
            INFOPLIST_FILE = "CodexSwitch.xcodeproj/CodexSwitchApp_Info.plist";
            IPHONEOS_DEPLOYMENT_TARGET = "11.0";
            LD_RUNPATH_SEARCH_PATHS = (
               "$(inherited)",
               "$(TOOLCHAIN_DIR)/usr/lib/swift/macosx",
               "@executable_path"
            );
            MACOSX_DEPLOYMENT_TARGET = "12.0";
            OTHER_CFLAGS = (
               "$(inherited)"
            );
            OTHER_LDFLAGS = (
               "$(inherited)"
            );
            OTHER_SWIFT_FLAGS = (
               "$(inherited)"
            );
            SWIFT_ACTIVE_COMPILATION_CONDITIONS = (
               "$(inherited)"
            );
            SWIFT_FORCE_DYNAMIC_LINK_STDLIB = "YES";
            SWIFT_FORCE_STATIC_LINK_STDLIB = "NO";
            SWIFT_VERSION = "5.0";
            TARGET_NAME = "CodexSwitchApp";
            TVOS_DEPLOYMENT_TARGET = "11.0";
            WATCHOS_DEPLOYMENT_TARGET = "4.0";
         };
         name = "Debug";
      };
      "OBJ_6" = {
         isa = "PBXFileReference";
         explicitFileType = "sourcecode.swift";
         path = "Package.swift";
         sourceTree = "<group>";
      };
      "OBJ_60" = {
         isa = "XCBuildConfiguration";
         buildSettings = {
            CURRENT_PROJECT_VERSION = "1";
            DRIVERKIT_DEPLOYMENT_TARGET = "19.0";
            FRAMEWORK_SEARCH_PATHS = (
               "$(inherited)",
               "$(PLATFORM_DIR)/Developer/Library/Frameworks"
            );
            HEADER_SEARCH_PATHS = (
               "$(inherited)"
            );
            INFOPLIST_FILE = "CodexSwitch.xcodeproj/CodexSwitchApp_Info.plist";
            IPHONEOS_DEPLOYMENT_TARGET = "11.0";
            LD_RUNPATH_SEARCH_PATHS = (
               "$(inherited)",
               "$(TOOLCHAIN_DIR)/usr/lib/swift/macosx",
               "@executable_path"
            );
            MACOSX_DEPLOYMENT_TARGET = "12.0";
            OTHER_CFLAGS = (
               "$(inherited)"
            );
            OTHER_LDFLAGS = (
               "$(inherited)"
            );
            OTHER_SWIFT_FLAGS = (
               "$(inherited)"
            );
            SWIFT_ACTIVE_COMPILATION_CONDITIONS = (
               "$(inherited)"
            );
            SWIFT_FORCE_DYNAMIC_LINK_STDLIB = "YES";
            SWIFT_FORCE_STATIC_LINK_STDLIB = "NO";
            SWIFT_VERSION = "5.0";
            TARGET_NAME = "CodexSwitchApp";
            TVOS_DEPLOYMENT_TARGET = "11.0";
            WATCHOS_DEPLOYMENT_TARGET = "4.0";
         };
         name = "Release";
      };
      "OBJ_61" = {
         isa = "PBXSourcesBuildPhase";
         files = (
            "OBJ_62",
            "OBJ_63"
         );
      };
      "OBJ_62" = {
         isa = "PBXBuildFile";
         fileRef = "OBJ_10";
      };
      "OBJ_63" = {
         isa = "PBXBuildFile";
         fileRef = "OBJ_11";
      };
      "OBJ_64" = {
         isa = "PBXFrameworksBuildPhase";
         files = (
            "OBJ_65"
         );
      };
      "OBJ_65" = {
         isa = "PBXBuildFile";
         fileRef = "mac-client::CodexSwitchKit::Product";
      };
      "OBJ_66" = {
         isa = "PBXTargetDependency";
         target = "mac-client::CodexSwitchKit";
      };
      "OBJ_68" = {
         isa = "XCConfigurationList";
         buildConfigurations = (
            "OBJ_69",
            "OBJ_70"
         );
         defaultConfigurationIsVisible = "0";
         defaultConfigurationName = "Release";
      };
      "OBJ_69" = {
         isa = "XCBuildConfiguration";
         buildSettings = {
            CURRENT_PROJECT_VERSION = "1";
            DRIVERKIT_DEPLOYMENT_TARGET = "19.0";
            ENABLE_TESTABILITY = "YES";
            FRAMEWORK_SEARCH_PATHS = (
               "$(inherited)",
               "$(PLATFORM_DIR)/Developer/Library/Frameworks"
            );
            HEADER_SEARCH_PATHS = (
               "$(inherited)"
            );
            INFOPLIST_FILE = "CodexSwitch.xcodeproj/CodexSwitchKit_Info.plist";
            IPHONEOS_DEPLOYMENT_TARGET = "11.0";
            LD_RUNPATH_SEARCH_PATHS = (
               "$(inherited)",
               "$(TOOLCHAIN_DIR)/usr/lib/swift/macosx"
            );
            MACOSX_DEPLOYMENT_TARGET = "12.0";
            OTHER_CFLAGS = (
               "$(inherited)"
            );
            OTHER_LDFLAGS = (
               "$(inherited)"
            );
            OTHER_SWIFT_FLAGS = (
               "$(inherited)"
            );
            PRODUCT_BUNDLE_IDENTIFIER = "CodexSwitchKit";
            PRODUCT_MODULE_NAME = "$(TARGET_NAME:c99extidentifier)";
            PRODUCT_NAME = "$(TARGET_NAME:c99extidentifier)";
            SKIP_INSTALL = "YES";
            SWIFT_ACTIVE_COMPILATION_CONDITIONS = (
               "$(inherited)"
            );
            SWIFT_VERSION = "5.0";
            TARGET_NAME = "CodexSwitchKit";
            TVOS_DEPLOYMENT_TARGET = "11.0";
            WATCHOS_DEPLOYMENT_TARGET = "4.0";
         };
         name = "Debug";
      };
      "OBJ_7" = {
         isa = "PBXGroup";
         children = (
            "OBJ_8",
            "OBJ_12"
         );
         name = "Sources";
         path = "";
         sourceTree = "SOURCE_ROOT";
      };
      "OBJ_70" = {
         isa = "XCBuildConfiguration";
         buildSettings = {
            CURRENT_PROJECT_VERSION = "1";
            DRIVERKIT_DEPLOYMENT_TARGET = "19.0";
            ENABLE_TESTABILITY = "YES";
            FRAMEWORK_SEARCH_PATHS = (
               "$(inherited)",
               "$(PLATFORM_DIR)/Developer/Library/Frameworks"
            );
            HEADER_SEARCH_PATHS = (
               "$(inherited)"
            );
            INFOPLIST_FILE = "CodexSwitch.xcodeproj/CodexSwitchKit_Info.plist";
            IPHONEOS_DEPLOYMENT_TARGET = "11.0";
            LD_RUNPATH_SEARCH_PATHS = (
               "$(inherited)",
               "$(TOOLCHAIN_DIR)/usr/lib/swift/macosx"
            );
            MACOSX_DEPLOYMENT_TARGET = "12.0";
            OTHER_CFLAGS = (
               "$(inherited)"
            );
            OTHER_LDFLAGS = (
               "$(inherited)"
            );
            OTHER_SWIFT_FLAGS = (
               "$(inherited)"
            );
            PRODUCT_BUNDLE_IDENTIFIER = "CodexSwitchKit";
            PRODUCT_MODULE_NAME = "$(TARGET_NAME:c99extidentifier)";
            PRODUCT_NAME = "$(TARGET_NAME:c99extidentifier)";
            SKIP_INSTALL = "YES";
            SWIFT_ACTIVE_COMPILATION_CONDITIONS = (
               "$(inherited)"
            );
            SWIFT_VERSION = "5.0";
            TARGET_NAME = "CodexSwitchKit";
            TVOS_DEPLOYMENT_TARGET = "11.0";
            WATCHOS_DEPLOYMENT_TARGET = "4.0";
         };
         name = "Release";
      };
      "OBJ_71" = {
         isa = "PBXSourcesBuildPhase";
         files = (
            "OBJ_72",
            "OBJ_73",
            "OBJ_74",
            "OBJ_75",
            "OBJ_76",
            "OBJ_77",
            "OBJ_78",
            "OBJ_79",
            "OBJ_80",
            "OBJ_81",
            "OBJ_82",
            "OBJ_83",
            "OBJ_84",
            "OBJ_85",
            "OBJ_86",
            "OBJ_87",
            "OBJ_88",
            "OBJ_89"
         );
      };
      "OBJ_72" = {
         isa = "PBXBuildFile";
         fileRef = "OBJ_14";
      };
      "OBJ_73" = {
         isa = "PBXBuildFile";
         fileRef = "OBJ_15";
      };
      "OBJ_74" = {
         isa = "PBXBuildFile";
         fileRef = "OBJ_16";
      };
      "OBJ_75" = {
         isa = "PBXBuildFile";
         fileRef = "OBJ_17";
      };
      "OBJ_76" = {
         isa = "PBXBuildFile";
         fileRef = "OBJ_19";
      };
      "OBJ_77" = {
         isa = "PBXBuildFile";
         fileRef = "OBJ_20";
      };
      "OBJ_78" = {
         isa = "PBXBuildFile";
         fileRef = "OBJ_21";
      };
      "OBJ_79" = {
         isa = "PBXBuildFile";
         fileRef = "OBJ_23";
      };
      "OBJ_8" = {
         isa = "PBXGroup";
         children = (
            "OBJ_9"
         );
         name = "CodexSwitchApp";
         path = "CodexSwitchApp";
         sourceTree = "SOURCE_ROOT";
      };
      "OBJ_80" = {
         isa = "PBXBuildFile";
         fileRef = "OBJ_24";
      };
      "OBJ_81" = {
         isa = "PBXBuildFile";
         fileRef = "OBJ_25";
      };
      "OBJ_82" = {
         isa = "PBXBuildFile";
         fileRef = "OBJ_26";
      };
      "OBJ_83" = {
         isa = "PBXBuildFile";
         fileRef = "OBJ_27";
      };
      "OBJ_84" = {
         isa = "PBXBuildFile";
         fileRef = "OBJ_28";
      };
      "OBJ_85" = {
         isa = "PBXBuildFile";
         fileRef = "OBJ_29";
      };
      "OBJ_86" = {
         isa = "PBXBuildFile";
         fileRef = "OBJ_30";
      };
      "OBJ_87" = {
         isa = "PBXBuildFile";
         fileRef = "OBJ_32";
      };
      "OBJ_88" = {
         isa = "PBXBuildFile";
         fileRef = "OBJ_33";
      };
      "OBJ_89" = {
         isa = "PBXBuildFile";
         fileRef = "OBJ_34";
      };
      "OBJ_9" = {
         isa = "PBXGroup";
         children = (
            "OBJ_10",
            "OBJ_11"
         );
         name = "App";
         path = "App";
         sourceTree = "<group>";
      };
      "OBJ_90" = {
         isa = "PBXFrameworksBuildPhase";
         files = (
         );
      };
      "OBJ_92" = {
         isa = "XCConfigurationList";
         buildConfigurations = (
            "OBJ_93",
            "OBJ_94"
         );
         defaultConfigurationIsVisible = "0";
         defaultConfigurationName = "Release";
      };
      "OBJ_93" = {
         isa = "XCBuildConfiguration";
         buildSettings = {
            LD = "/usr/bin/true";
            OTHER_SWIFT_FLAGS = (
               "-swift-version",
               "5",
               "-I",
               "$(TOOLCHAIN_DIR)/usr/lib/swift/pm/ManifestAPI",
               "-sdk",
               "/Applications/Xcode.app/Contents/Developer/Platforms/MacOSX.platform/Developer/SDKs/MacOSX13.1.sdk",
               "-package-description-version",
               "5.7.0"
            );
            SWIFT_VERSION = "5.0";
         };
         name = "Debug";
      };
      "OBJ_94" = {
         isa = "XCBuildConfiguration";
         buildSettings = {
            LD = "/usr/bin/true";
            OTHER_SWIFT_FLAGS = (
               "-swift-version",
               "5",
               "-I",
               "$(TOOLCHAIN_DIR)/usr/lib/swift/pm/ManifestAPI",
               "-sdk",
               "/Applications/Xcode.app/Contents/Developer/Platforms/MacOSX.platform/Developer/SDKs/MacOSX13.1.sdk",
               "-package-description-version",
               "5.7.0"
            );
            SWIFT_VERSION = "5.0";
         };
         name = "Release";
      };
      "OBJ_95" = {
         isa = "PBXSourcesBuildPhase";
         files = (
            "OBJ_96"
         );
      };
      "OBJ_96" = {
         isa = "PBXBuildFile";
         fileRef = "OBJ_6";
      };
      "OBJ_98" = {
         isa = "XCConfigurationList";
         buildConfigurations = (
            "OBJ_99",
            "OBJ_100"
         );
         defaultConfigurationIsVisible = "0";
         defaultConfigurationName = "Release";
      };
      "OBJ_99" = {
         isa = "XCBuildConfiguration";
         buildSettings = {
         };
         name = "Debug";
      };
      "mac-client::CodexSwitch::ProductTarget" = {
         isa = "PBXAggregateTarget";
         buildConfigurationList = "OBJ_53";
         buildPhases = (
         );
         dependencies = (
            "OBJ_56"
         );
         name = "CodexSwitch";
         productName = "CodexSwitch";
      };
      "mac-client::CodexSwitchApp" = {
         isa = "PBXNativeTarget";
         buildConfigurationList = "OBJ_58";
         buildPhases = (
            "OBJ_61",
            "OBJ_64"
         );
         dependencies = (
            "OBJ_66"
         );
         name = "CodexSwitchApp";
         productName = "CodexSwitchApp";
         productReference = "mac-client::CodexSwitchApp::Product";
         productType = "com.apple.product-type.tool";
      };
      "mac-client::CodexSwitchApp::Product" = {
         isa = "PBXFileReference";
         path = "CodexSwitchApp";
         sourceTree = "BUILT_PRODUCTS_DIR";
      };
      "mac-client::CodexSwitchKit" = {
         isa = "PBXNativeTarget";
         buildConfigurationList = "OBJ_68";
         buildPhases = (
            "OBJ_71",
            "OBJ_90"
         );
         dependencies = (
         );
         name = "CodexSwitchKit";
         productName = "CodexSwitchKit";
         productReference = "mac-client::CodexSwitchKit::Product";
         productType = "com.apple.product-type.framework";
      };
      "mac-client::CodexSwitchKit::Product" = {
         isa = "PBXFileReference";
         path = "CodexSwitchKit.framework";
         sourceTree = "BUILT_PRODUCTS_DIR";
      };
      "mac-client::CodexSwitchPackageTests::ProductTarget" = {
         isa = "PBXAggregateTarget";
         buildConfigurationList = "OBJ_98";
         buildPhases = (
         );
         dependencies = (
            "OBJ_101"
         );
         name = "CodexSwitchPackageTests";
         productName = "CodexSwitchPackageTests";
      };
      "mac-client::CodexSwitchTests" = {
         isa = "PBXNativeTarget";
         buildConfigurationList = "OBJ_103";
         buildPhases = (
            "OBJ_106",
            "OBJ_111"
         );
         dependencies = (
            "OBJ_113"
         );
         name = "CodexSwitchTests";
         productName = "CodexSwitchTests";
         productReference = "mac-client::CodexSwitchTests::Product";
         productType = "com.apple.product-type.bundle.unit-test";
      };
      "mac-client::CodexSwitchTests::Product" = {
         isa = "PBXFileReference";
         path = "CodexSwitchTests.xctest";
         sourceTree = "BUILT_PRODUCTS_DIR";
      };
      "mac-client::SwiftPMPackageDescription" = {
         isa = "PBXNativeTarget";
         buildConfigurationList = "OBJ_92";
         buildPhases = (
            "OBJ_95"
         );
         dependencies = (
         );
         name = "CodexSwitchPackageDescription";
         productName = "CodexSwitchPackageDescription";
         productType = "com.apple.product-type.framework";
      };
   };
   rootObject = "OBJ_1";
}
